{
  "name": "portfolio-blossom",
  "version": "1.0.0",
  "lockfileVersion": 3,
  "requires": true,
  "packages": {
    "": {
      "name": "portfolio-blossom",
      "version": "1.0.0",
      "license": "ISC",
      "dependencies": {
        "lucide": "^0.482.0"
      }
    },
    "node_modules/lucide": {
      "version": "0.482.0",
      "resolved": "https://registry.npmjs.org/lucide/-/lucide-0.482.0.tgz",
      "integrity": "sha512-drJOzPud1QGiCgnkhUBuSKvShaD6LJovgKtHDJfvqKrzA0osfU284rymlXxjVWlp5A+S8JiCcIfgENvXlKsO7Q==",
      "license": "ISC"
    }
  }
}
